
Microsoft Visual Studio Solution File, Format Version 12.00
# Visual Studio 15
VisualStudioVersion = 15.0.27428.2005
MinimumVisualStudioVersion = 10.0.40219.1
Project("{FAE04EC0-301F-11D3-BF4B-00C04F79EFBC}") = "FileFinder", "FileFinder.csproj", "{45E8A588-6568-4CC1-A0C4-5A93C661B1E4}"
EndProject
Global
	GlobalSection(SolutionConfigurationPlatforms) = preSolution
		Debug|Any CPU = Debug|Any CPU
		Release|Any CPU = Release|Any CPU
	EndGlobalSection
	GlobalSection(ProjectConfigurationPlatforms) = postSolution
		{45E8A588-6568-4CC1-A0C4-5A93C661B1E4}.Debug|Any CPU.ActiveCfg = Debug|Any CPU
		{45E8A588-6568-4CC1-A0C4-5A93C661B1E4}.Debug|Any CPU.Build.0 = Debug|Any CPU
		{45E8A588-6568-4CC1-A0C4-5A93C661B1E4}.Release|Any CPU.ActiveCfg = Release|Any CPU
		{45E8A588-6568-4CC1-A0C4-5A93C661B1E4}.Release|Any CPU.Build.0 = Release|Any CPU
	EndGlobalSection
	GlobalSection(SolutionProperties) = preSolution
		HideSolutionNode = FALSE
	EndGlobalSection
	GlobalSection(ExtensibilityGlobals) = postSolution
		SolutionGuid = {8A8A94A3-75B5-40BC-9003-7EC5DE4612A3}
	EndGlobalSection
EndGlobal
